// !$*UTF8*$!
{
	archiveVersion = 1;
	classes = {
	};
	objectVersion = 46;
	objects = {

/* Begin PBXBuildFile section */
		B56EED7719D876A500A34E37 /* AppDelegate.swift in Sources */ = {isa = PBXBuildFile; fileRef = B56EED7619D876A500A34E37 /* AppDelegate.swift */; };
		B56EED7919D876A500A34E37 /* ViewController.swift in Sources */ = {isa = PBXBuildFile; fileRef = B56EED7819D876A500A34E37 /* ViewController.swift */; };
		B56EED7C19D876A500A34E37 /* Main.storyboard in Resources */ = {isa = PBXBuildFile; fileRef = B56EED7A19D876A500A34E37 /* Main.storyboard */; };
		B56EED7E19D876A500A34E37 /* Images.xcassets in Resources */ = {isa = PBXBuildFile; fileRef = B56EED7D19D876A500A34E37 /* Images.xcassets */; };
		B56EED8119D876A500A34E37 /* LaunchScreen.xib in Resources */ = {isa = PBXBuildFile; fileRef = B56EED7F19D876A500A34E37 /* LaunchScreen.xib */; };
		B56EED8D19D876A500A34E37 /* AgeOfLaikaTests.swift in Sources */ = {isa = PBXBuildFile; fileRef = B56EED8C19D876A500A34E37 /* AgeOfLaikaTests.swift */; };
		B56EED9719D8770300A34E37 /* AgeOfLaika.jpg in Resources */ = {isa = PBXBuildFile; fileRef = B56EED9619D8770300A34E37 /* AgeOfLaika.jpg */; };
/* End PBXBuildFile section */

/* Begin PBXContainerItemProxy section */
		B56EED8719D876A500A34E37 /* PBXContainerItemProxy */ = {
			isa = PBXContainerItemProxy;
			containerPortal = B56EED6919D876A500A34E37 /* Project object */;
			proxyType = 1;
			remoteGlobalIDString = B56EED7019D876A500A34E37;
			remoteInfo = AgeOfLaika;
		};
/* End PBXContainerItemProxy section */

/* Begin PBXFileReference section */
		B56EED7119D876A500A34E37 /* AgeOfLaika.app */ = {isa = PBXFileReference; explicitFileType = wrapper.application; includeInIndex = 0; path = AgeOfLaika.app; sourceTree = BUILT_PRODUCTS_DIR; };
		B56EED7519D876A500A34E37 /* Info.plist */ = {isa = PBXFileReference; lastKnownFileType = text.plist.xml; path = Info.plist; sourceTree = "<group>"; };
		B56EED7619D876A500A34E37 /* AppDelegate.swift */ = {isa = PBXFileReference; lastKnownFileType = sourcecode.swift; path = AppDelegate.swift; sourceTree = "<group>"; };
		B56EED7819D876A500A34E37 /* ViewController.swift */ = {isa = PBXFileReference; lastKnownFileType = sourcecode.swift; path = ViewController.swift; sourceTree = "<group>"; };
		B56EED7B19D876A500A34E37 /* Base */ = {isa = PBXFileReference; lastKnownFileType = file.storyboard; name = Base; path = Base.lproj/Main.storyboard; sourceTree = "<group>"; };
		B56EED7D19D876A500A34E37 /* Images.xcassets */ = {isa = PBXFileReference; lastKnownFileType = folder.assetcatalog; path = Images.xcassets; sourceTree = "<group>"; };
		B56EED8019D876A500A34E37 /* Base */ = {isa = PBXFileReference; lastKnownFileType = file.xib; name = Base; path = Base.lproj/LaunchScreen.xib; sourceTree = "<group>"; };
		B56EED8619D876A500A34E37 /* AgeOfLaikaTests.xctest */ = {isa = PBXFileReference; explicitFileType = wrapper.cfbundle; includeInIndex = 0; path = AgeOfLaikaTests.xctest; sourceTree = BUILT_PRODUCTS_DIR; };
		B56EED8B19D876A500A34E37 /* Info.plist */ = {isa = PBXFileReference; lastKnownFileType = text.plist.xml; path = Info.plist; sourceTree = "<group>"; };
		B56EED8C19D876A500A34E37 /* AgeOfLaikaTests.swift */ = {isa = PBXFileReference; lastKnownFileType = sourcecode.swift; path = AgeOfLaikaTests.swift; sourceTree = "<group>"; };
		B56EED9619D8770300A34E37 /* AgeOfLaika.jpg */ = {isa = PBXFileReference; lastKnownFileType = image.jpeg; path = AgeOfLaika.jpg; sourceTree = "<group>"; };
/* End PBXFileReference section */

/* Begin PBXFrameworksBuildPhase section */
		B56EED6E19D876A500A34E37 /* Frameworks */ = {
			isa = PBXFrameworksBuildPhase;
			buildActionMask = 2147483647;
			files = (
			);
			runOnlyForDeploymentPostprocessing = 0;
		};
		B56EED8319D876A500A34E37 /* Frameworks */ = {
			isa = PBXFrameworksBuildPhase;
			buildActionMask = 2147483647;
			files = (
			);
			runOnlyForDeploymentPostprocessing = 0;
		};
/* End PBXFrameworksBuildPhase section */

/* Begin PBXGroup section */
		B56EED6819D876A500A34E37 = {
			isa = PBXGroup;
			children = (
				B56EED7319D876A500A34E37 /* AgeOfLaika */,
				B56EED8919D876A500A34E37 /* AgeOfLaikaTests */,
				B56EED7219D876A500A34E37 /* Products */,
			);
			sourceTree = "<group>";
		};
		B56EED7219D876A500A34E37 /* Products */ = {
			isa = PBXGroup;
			children = (
				B56EED7119D876A500A34E37 /* AgeOfLaika.app */,
				B56EED8619D876A500A34E37 /* AgeOfLaikaTests.xctest */,
			);
			name = Products;
			sourceTree = "<group>";
		};
		B56EED7319D876A500A34E37 /* AgeOfLaika */ = {
			isa = PBXGroup;
			children = (
				B56EED7619D876A500A34E37 /* AppDelegate.swift */,
				B56EED7819D876A500A34E37 /* ViewController.swift */,
				B56EED7A19D876A500A34E37 /* Main.storyboard */,
				B56EED7D19D876A500A34E37 /* Images.xcassets */,
				B56EED7F19D876A500A34E37 /* LaunchScreen.xib */,
				B56EED7419D876A500A34E37 /* Supporting Files */,
			);
			path = AgeOfLaika;
			sourceTree = "<group>";
		};
		B56EED7419D876A500A34E37 /* Supporting Files */ = {
			isa = PBXGroup;
			children = (
				B56EED9619D8770300A34E37 /* AgeOfLaika.jpg */,
				B56EED7519D876A500A34E37 /* Info.plist */,
			);
			name = "Supporting Files";
			sourceTree = "<group>";
		};
		B56EED8919D876A500A34E37 /* AgeOfLaikaTests */ = {
			isa = PBXGroup;
			children = (
				B56EED8C19D876A500A34E37 /* AgeOfLaikaTests.swift */,
				B56EED8A19D876A500A34E37 /* Supporting Files */,
			);
			path = AgeOfLaikaTests;
			sourceTree = "<group>";
		};
		B56EED8A19D876A500A34E37 /* Supporting Files */ = {
			isa = PBXGroup;
			children = (
				B56EED8B19D876A500A34E37 /* Info.plist */,
			);
			name = "Supporting Files";
			sourceTree = "<group>";
		};
/* End PBXGroup section */

/* Begin PBXNativeTarget section */
		B56EED7019D876A500A34E37 /* AgeOfLaika */ = {
			isa = PBXNativeTarget;
			buildConfigurationList = B56EED9019D876A500A34E37 /* Build configuration list for PBXNativeTarget "AgeOfLaika" */;
			buildPhases = (
				B56EED6D19D876A500A34E37 /* Sources */,
				B56EED6E19D876A500A34E37 /* Frameworks */,
				B56EED6F19D876A500A34E37 /* Resources */,
			);
			buildRules = (
			);
			dependencies = (
			);
			name = AgeOfLaika;
			productName = AgeOfLaika;
			productReference = B56EED7119D876A500A34E37 /* AgeOfLaika.app */;
			productType = "com.apple.product-type.application";
		};
		B56EED8519D876A500A34E37 /* AgeOfLaikaTests */ = {
			isa = PBXNativeTarget;
			buildConfigurationList = B56EED9319D876A500A34E37 /* Build configuration list for PBXNativeTarget "AgeOfLaikaTests" */;
			buildPhases = (
				B56EED8219D876A500A34E37 /* Sources */,
				B56EED8319D876A500A34E37 /* Frameworks */,
				B56EED8419D876A500A34E37 /* Resources */,
			);
			buildRules = (
			);
			dependencies = (
				B56EED8819D876A500A34E37 /* PBXTargetDependency */,
			);
			name = AgeOfLaikaTests;
			productName = AgeOfLaikaTests;
			productReference = B56EED8619D876A500A34E37 /* AgeOfLaikaTests.xctest */;
			productType = "com.apple.product-type.bundle.unit-test";
		};
/* End PBXNativeTarget section */

/* Begin PBXProject section */
		B56EED6919D876A500A34E37 /* Project object */ = {
			isa = PBXProject;
			attributes = {
				LastUpgradeCheck = 0610;
				ORGANIZATIONNAME = "Ben Coombes";
				TargetAttributes = {
					B56EED7019D876A500A34E37 = {
						CreatedOnToolsVersion = 6.1;
						DevelopmentTeam = 283E7WS98W;
					};
					B56EED8519D876A500A34E37 = {
						CreatedOnToolsVersion = 6.1;
						TestTargetID = B56EED7019D876A500A34E37;
					};
				};
			};
			buildConfigurationList = B56EED6C19D876A500A34E37 /* Build configuration list for PBXProject "AgeOfLaika" */;
			compatibilityVersion = "Xcode 3.2";
			developmentRegion = English;
			hasScannedForEncodings = 0;
			knownRegions = (
				en,
				Base,
			);
			mainGroup = B56EED6819D876A500A34E37;
			productRefGroup = B56EED7219D876A500A34E37 /* Products */;
			projectDirPath = "";
			projectRoot = "";
			targets = (
				B56EED7019D876A500A34E37 /* AgeOfLaika */,
				B56EED8519D876A500A34E37 /* AgeOfLaikaTests */,
			);
		};
/* End PBXProject section */

/* Begin PBXResourcesBuildPhase section */
		B56EED6F19D876A500A34E37 /* Resources */ = {
			isa = PBXResourcesBuildPhase;
			buildActionMask = 2147483647;
			files = (
				B56EED7C19D876A500A34E37 /* Main.storyboard in Resources */,
				B56EED9719D8770300A34E37 /* AgeOfLaika.jpg in Resources */,
				B56EED8119D876A500A34E37 /* LaunchScreen.xib in Resources */,
				B56EED7E19D876A500A34E37 /* Images.xcassets in Resources */,
			);
			runOnlyForDeploymentPostprocessing = 0;
		};
		B56EED8419D876A500A34E37 /* Resources */ = {
			isa = PBXResourcesBuildPhase;
			buildActionMask = 2147483647;
			files = (
			);
			runOnlyForDeploymentPostprocessing = 0;
		};
/* End PBXResourcesBuildPhase section */

/* Begin PBXSourcesBuildPhase section */
		B56EED6D19D876A500A34E37 /* Sources */ = {
			isa = PBXSourcesBuildPhase;
			buildActionMask = 2147483647;
			files = (
				B56EED7919D876A500A34E37 /* ViewController.swift in Sources */,
				B56EED7719D876A500A34E37 /* AppDelegate.swift in Sources */,
			);
			runOnlyForDeploymentPostprocessing = 0;
		};
		B56EED8219D876A500A34E37 /* Sources */ = {
			isa = PBXSourcesBuildPhase;
			buildActionMask = 2147483647;
			files = (
				B56EED8D19D876A500A34E37 /* AgeOfLaikaTests.swift in Sources */,
			);
			runOnlyForDeploymentPostprocessing = 0;
		};
/* End PBXSourcesBuildPhase section */

/* Begin PBXTargetDependency section */
		B56EED8819D876A500A34E37 /* PBXTargetDependency */ = {
			isa = PBXTargetDependency;
			target = B56EED7019D876A500A34E37 /* AgeOfLaika */;
			targetProxy = B56EED8719D876A500A34E37 /* PBXContainerItemProxy */;
		};
/* End PBXTargetDependency section */

/* Begin PBXVariantGroup section */
		B56EED7A19D876A500A34E37 /* Main.storyboard */ = {
			isa = PBXVariantGroup;
			children = (
				B56EED7B19D876A500A34E37 /* Base */,
			);
			name = Main.storyboard;
			sourceTree = "<group>";
		};
		B56EED7F19D876A500A34E37 /* LaunchScreen.xib */ = {
			isa = PBXVariantGroup;
			children = (
				B56EED8019D876A500A34E37 /* Base */,
			);
			name = LaunchScreen.xib;
			sourceTree = "<group>";
		};
/* End PBXVariantGroup section */

/* Begin XCBuildConfiguration section */
		B56EED8E19D876A500A34E37 /* Debug */ = {
			isa = XCBuildConfiguration;
			buildSettings = {
				ALWAYS_SEARCH_USER_PATHS = NO;
				CLANG_CXX_LANGUAGE_STANDARD = "gnu++0x";
				CLANG_CXX_LIBRARY = "libc++";
				CLANG_ENABLE_MODULES = YES;
				CLANG_ENABLE_OBJC_ARC = YES;
				CLANG_WARN_BOOL_CONVERSION = YES;
				CLANG_WARN_CONSTANT_CONVERSION = YES;
				CLANG_WARN_DIRECT_OBJC_ISA_USAGE = YES_ERROR;
				CLANG_WARN_EMPTY_BODY = YES;
				CLANG_WARN_ENUM_CONVERSION = YES;
				CLANG_WARN_INT_CONVERSION = YES;
				CLANG_WARN_OBJC_ROOT_CLASS = YES_ERROR;
				CLANG_WARN_UNREACHABLE_CODE = YES;
				CLANG_WARN__DUPLICATE_METHOD_MATCH = YES;
				"CODE_SIGN_IDENTITY[sdk=iphoneos*]" = "iPhone Developer";
				COPY_PHASE_STRIP = NO;
				ENABLE_STRICT_OBJC_MSGSEND = YES;
				GCC_C_LANGUAGE_STANDARD = gnu99;
				GCC_DYNAMIC_NO_PIC = NO;
				GCC_OPTIMIZATION_LEVEL = 0;
				GCC_PREPROCESSOR_DEFINITIONS = (
					"DEBUG=1",
					"$(inherited)",
				);
				GCC_SYMBOLS_PRIVATE_EXTERN = NO;
				GCC_WARN_64_TO_32_BIT_CONVERSION = YES;
				GCC_WARN_ABOUT_RETURN_TYPE = YES_ERROR;
				GCC_WARN_UNDECLARED_SELECTOR = YES;
				GCC_WARN_UNINITIALIZED_AUTOS = YES_AGGRESSIVE;
				GCC_WARN_UNUSED_FUNCTION = YES;
				GCC_WARN_UNUSED_VARIABLE = YES;
				IPHONEOS_DEPLOYMENT_TARGET = 8.0;
				MTL_ENABLE_DEBUG_INFO = YES;
				ONLY_ACTIVE_ARCH = YES;
				SDKROOT = iphoneos;
				SWIFT_OPTIMIZATION_LEVEL = "-Onone";
			};
			name = Debug;
		};
		B56EED8F19D876A500A34E37 /* Release */ = {
			isa = XCBuildConfiguration;
			buildSettings = {
				ALWAYS_SEARCH_USER_PATHS = NO;
				CLANG_CXX_LANGUAGE_STANDARD = "gnu++0x";
				CLANG_CXX_LIBRARY = "libc++";
				CLANG_ENABLE_MODULES = YES;
				CLANG_ENABLE_OBJC_ARC = YES;
				CLANG_WARN_BOOL_CONVERSION = YES;
				CLANG_WARN_CONSTANT_CONVERSION = YES;
				CLANG_WARN_DIRECT_OBJC_ISA_USAGE = YES_ERROR;
				CLANG_WARN_EMPTY_BODY = YES;
				CLANG_WARN_ENUM_CONVERSION = YES;
				CLANG_WARN_INT_CONVERSION = YES;
				CLANG_WARN_OBJC_ROOT_CLASS = YES_ERROR;
				CLANG_WARN_UNREACHABLE_CODE = YES;
				CLANG_WARN__DUPLICATE_METHOD_MATCH = YES;
				"CODE_SIGN_IDENTITY[sdk=iphoneos*]" = "iPhone Developer";
				COPY_PHASE_STRIP = YES;
				ENABLE_NS_ASSERTIONS = NO;
				ENABLE_STRICT_OBJC_MSGSEND = YES;
				GCC_C_LANGUAGE_STANDARD = gnu99;
				GCC_WARN_64_TO_32_BIT_CONVERSION = YES;
				GCC_WARN_ABOUT_RETURN_TYPE = YES_ERROR;
				GCC_WARN_UNDECLARED_SELECTOR = YES;
				GCC_WARN_UNINITIALIZED_AUTOS = YES_AGGRESSIVE;
				GCC_WARN_UNUSED_FUNCTION = YES;
				GCC_WARN_UNUSED_VARIABLE = YES;
				IPHONEOS_DEPLOYMENT_TARGET = 8.0;
				MTL_ENABLE_DEBUG_INFO = NO;
				SDKROOT = iphoneos;
				VALIDATE_PRODUCT = YES;
			};
			name = Release;
		};
		B56EED9119D876A500A34E37 /* Debug */ = {
			isa = XCBuildConfiguration;
			buildSettings = {
				ASSETCATALOG_COMPILER_APPICON_NAME = AppIcon;
				INFOPLIST_FILE = AgeOfLaika/Info.plist;
				LD_RUNPATH_SEARCH_PATHS = "$(inherited) @executable_path/Frameworks";
				PRODUCT_NAME = "$(TARGET_NAME)";
			};
			name = Debug;
		};
		B56EED9219D876A500A34E37 /* Release */ = {
			isa = XCBuildConfiguration;
			buildSettings = {
				ASSETCATALOG_COMPILER_APPICON_NAME = AppIcon;
				INFOPLIST_FILE = AgeOfLaika/Info.plist;
				LD_RUNPATH_SEARCH_PATHS = "$(inherited) @executable_path/Frameworks";
				PRODUCT_NAME = "$(TARGET_NAME)";
			};
			name = Release;
		};
		B56EED9419D876A500A34E37 /* Debug */ = {
			isa = XCBuildConfiguration;
			buildSettings = {
				BUNDLE_LOADER = "$(TEST_HOST)";
				FRAMEWORK_SEARCH_PATHS = (
					"$(SDKROOT)/Developer/Library/Frameworks",
					"$(inherited)",
				);
				GCC_PREPROCESSOR_DEFINITIONS = (
					"DEBUG=1",
					"$(inherited)",
				);
				INFOPLIST_FILE = AgeOfLaikaTests/Info.plist;
				LD_RUNPATH_SEARCH_PATHS = "$(inherited) @executable_path/Frameworks @loader_path/Frameworks";
				PRODUCT_NAME = "$(TARGET_NAME)";
				TEST_HOST = "$(BUILT_PRODUCTS_DIR)/AgeOfLaika.app/AgeOfLaika";
			};
			name = Debug;
		};
		B56EED9519D876A500A34E37 /* Release */ = {
			isa = XCBuildConfiguration;
			buildSettings = {
				BUNDLE_LOADER = "$(TEST_HOST)";
				FRAMEWORK_SEARCH_PATHS = (
					"$(SDKROOT)/Developer/Library/Frameworks",
					"$(inherited)",
				);
				INFOPLIST_FILE = AgeOfLaikaTests/Info.plist;
				LD_RUNPATH_SEARCH_PATHS = "$(inherited) @executable_path/Frameworks @loader_path/Frameworks";
				PRODUCT_NAME = "$(TARGET_NAME)";
				TEST_HOST = "$(BUILT_PRODUCTS_DIR)/AgeOfLaika.app/AgeOfLaika";
			};
			name = Release;
		};
/* End XCBuildConfiguration section */

/* Begin XCConfigurationList section */
		B56EED6C19D876A500A34E37 /* Build configuration list for PBXProject "AgeOfLaika" */ = {
			isa = XCConfigurationList;
			buildConfigurations = (
				B56EED8E19D876A500A34E37 /* Debug */,
				B56EED8F19D876A500A34E37 /* Release */,
			);
			defaultConfigurationIsVisible = 0;
			defaultConfigurationName = Release;
		};
		B56EED9019D876A500A34E37 /* Build configuration list for PBXNativeTarget "AgeOfLaika" */ = {
			isa = XCConfigurationList;
			buildConfigurations = (
				B56EED9119D876A500A34E37 /* Debug */,
				B56EED9219D876A500A34E37 /* Release */,
			);
			defaultConfigurationIsVisible = 0;
		};
		B56EED9319D876A500A34E37 /* Build configuration list for PBXNativeTarget "AgeOfLaikaTests" */ = {
			isa = XCConfigurationList;
			buildConfigurations = (
				B56EED9419D876A500A34E37 /* Debug */,
				B56EED9519D876A500A34E37 /* Release */,
			);
			defaultConfigurationIsVisible = 0;
		};
/* End XCConfigurationList section */
	};
	rootObject = B56EED6919D876A500A34E37 /* Project object */;
}
